
Microsoft Visual Studio Solution File, Format Version 12.00
# Visual Studio Version 17
VisualStudioVersion = 17.1.32421.90
MinimumVisualStudioVersion = 10.0.40219.1
Project("{FAE04EC0-301F-11D3-BF4B-00C04F79EFBC}") = "rest-dotnet-api-template", "rest-dotnet-api-template\rest-dotnet-api-template.csproj", "{5D439F3C-E320-4A51-99A9-C272491AC926}"
EndProject
Global
	GlobalSection(SolutionConfigurationPlatforms) = preSolution
		Debug|Any CPU = Debug|Any CPU
		Release|Any CPU = Release|Any CPU
	EndGlobalSection
	GlobalSection(ProjectConfigurationPlatforms) = postSolution
		{5D439F3C-E320-4A51-99A9-C272491AC926}.Debug|Any CPU.ActiveCfg = Debug|Any CPU
		{5D439F3C-E320-4A51-99A9-C272491AC926}.Debug|Any CPU.Build.0 = Debug|Any CPU
		{5D439F3C-E320-4A51-99A9-C272491AC926}.Release|Any CPU.ActiveCfg = Release|Any CPU
		{5D439F3C-E320-4A51-99A9-C272491AC926}.Release|Any CPU.Build.0 = Release|Any CPU
	EndGlobalSection
	GlobalSection(SolutionProperties) = preSolution
		HideSolutionNode = FALSE
	EndGlobalSection
	GlobalSection(ExtensibilityGlobals) = postSolution
		SolutionGuid = {661B144C-B8A3-4DFC-B9C3-203EB0DB4B50}
	EndGlobalSection
EndGlobal
